PODS:
  - ProRTC_iOS (1.0.4)
  - SlackTextViewController (1.9.3)

DEPENDENCIES:
  - ProRTC_iOS
  - SlackTextViewController

SPEC CHECKSUMS:
  ProRTC_iOS: 4392c5acdd5e083be7506cbd7d6b00dd9cf2dd1b
  SlackTextViewController: bd2a34c188d4f7dec93cf42388f38551263fac82

PODFILE CHECKSUM: 9b1df527ad42c27d3c84a8efe75de410f000bf28

COCOAPODS: 1.1.1
